# This file is automatically @generated by Cargo.
# It is not intended for manual editing.
version = 4

[[package]]
name = "akurai-collections"
version = "0.7.0"
dependencies = [
 "akurai-json",
 "akurai-storage",
]

[[package]]
name = "akurai-crm"
version = "0.1.0"
dependencies = [
 "akurai-collections",
 "akurai-http",
 "akurai-json",
 "akurai-router",
 "akurai-storage",
 "crm-api",
 "crm-core",
]

[[package]]
name = "akurai-http"
version = "0.7.0"

[[package]]
name = "akurai-json"
version = "0.7.0"

[[package]]
name = "akurai-router"
version = "0.7.0"

[[package]]
name = "akurai-schema"
version = "0.7.0"
dependencies = [
 "akurai-json",
]

[[package]]
name = "akurai-storage"
version = "0.7.0"

[[package]]
name = "crm-api"
version = "0.1.0"
dependencies = [
 "akurai-collections",
 "akurai-http",
 "akurai-json",
 "akurai-router",
 "akurai-storage",
 "crm-core",
]

[[package]]
name = "crm-core"
version = "0.1.0"
dependencies = [
 "akurai-json",
 "akurai-schema",
]

[[package]]
name = "crm-mcp"
version = "0.1.0"
dependencies = [
 "akurai-http",
 "akurai-json",
 "akurai-storage",
 "crm-api",
 "crm-core",
]
